{
	"_OFProjectGeneratorVersion": "0.103.0",
	"archiveVersion": "1",
	"classes": {},
	"objectVersion": "54",
	"objects": {
		"02507B51-DAC8-46F1-8C8C-9E2A8781ACF8": {
			"fileEncoding": "4",
			"isa": "PBXFileReference",
			"lastKnownFileType": "sourcecode.cpp.cpp",
			"name": "ofxGuiGroup.cpp",
			"sourceTree": "<group>"
		},
		"0420D818-7099-44ED-808E-A9C20F0987DC": {
			"fileEncoding": "4",
			"isa": "PBXFileReference",
			"lastKnownFileType": "sourcecode.cpp.h",
			"name": "ofxGuiUtils.h",
			"sourceTree": "<group>"
		},
		"05099ACA-1A89-4DA2-84F4-98A3850F1E3B": {
			"fileEncoding": "4",
			"isa": "PBXFileReference",
			"lastKnownFileType": "sourcecode.cpp.h",
			"name": "ofxPanel.h",
			"sourceTree": "<group>"
		},
		"06DA7F27-F6E0-4655-B77A-B85336CD8A10": {
			"fileEncoding": "4",
			"isa": "PBXFileReference",
			"lastKnownFileType": "sourcecode.cpp.cpp",
			"name": "ofxLabel.cpp",
			"sourceTree": "<group>"
		},
		"0C745E5D-7B15-427F-B1FC-F4B9247E49D4": {
			"fileEncoding": "4",
			"isa": "PBXFileReference",
			"lastKnownFileType": "sourcecode.cpp.h",
			"name": "AddRadialImpulseShader.h",
			"sourceTree": "<group>"
		},
		"11D92C14-84B5-47E4-9126-4D10DADA0C8C": {
			"fileEncoding": "4",
			"isa": "PBXFileReference",
			"lastKnownFileType": "sourcecode.cpp.cpp",
			"name": "ofxToggle.cpp",
			"sourceTree": "<group>"
		},
		"132ADF45-0767-4BBB-B888-9EBFEF064AA3": {
			"fileEncoding": "4",
			"isa": "PBXFileReference",
			"lastKnownFileType": "folder",
			"name": "data",
			"path": "bin/data",
			"sourceTree": "SOURCE_ROOT"
		},
		"1514C116-60F7-4B94-9BFD-7A8067C5B038": {
			"children": [
				"8C6C81E4-5803-400F-81ED-7B0EF7B92820"
			],
			"isa": "PBXGroup",
			"name": "ofxRenderer",
			"path": "ofxRenderer",
			"sourceTree": "<group>"
		},
		"16D7E742-A2FB-42BC-BD07-52865F994470": {
			"fileRef": "CE71623E-243A-44F1-B387-FE0DF750571C",
			"isa": "PBXBuildFile"
		},
		"186F230D-9989-4869-A7F2-8BC452BA01AB": {
			"fileRef": "11D92C14-84B5-47E4-9126-4D10DADA0C8C",
			"isa": "PBXBuildFile"
		},
		"191CD6FA2847E21E0085CBB6": {
			"fileEncoding": "4",
			"isa": "PBXFileReference",
			"lastKnownFileType": "text.plist.entitlements",
			"path": "of.entitlements",
			"sourceTree": "<group>"
		},
		"191EF70929D778A400F35F26": {
			"isa": "PBXFileReference",
			"lastKnownFileType": "folder",
			"name": "openFrameworks",
			"path": "../../../libs/openFrameworks",
			"sourceTree": "SOURCE_ROOT"
		},
		"19B789C429E5AB4A0082E9B8": {
			"alwaysOutOfDate": "1",
			"buildActionMask": "2147483647",
			"files": [],
			"inputFileListPaths": [],
			"inputPaths": [],
			"isa": "PBXShellScriptBuildPhase",
			"outputFileListPaths": [],
			"outputPaths": [],
			"runOnlyForDeploymentPostprocessing": "0",
			"shellPath": "/bin/sh",
			"shellScript": "\"$OF_PATH/scripts/osx/xcode_project.sh\"\n",
			"showEnvVarsInLog": "0"
		},
		"1D9CDB2B-8847-475B-825C-D163D6FFFBF4": {
			"fileEncoding": "4",
			"isa": "PBXFileReference",
			"lastKnownFileType": "sourcecode.cpp.h",
			"name": "ofxBaseGui.h",
			"sourceTree": "<group>"
		},
		"200C9208-B3D6-44A4-A737-64B6BFCBEEAC": {
			"fileEncoding": "4",
			"isa": "PBXFileReference",
			"lastKnownFileType": "sourcecode.cpp.cpp",
			"name": "ofxSliderGroup.cpp",
			"sourceTree": "<group>"
		},
		"22450BE0-D0B2-47B7-9DF0-AD416944542F": {
			"children": [
				"389C8581-3DAF-4B64-8890-56B6A4B27F10",
				"DE9A56D3-BDAD-46E3-9ADA-E384EEF5497B",
				"DA03448C-8233-469E-A96F-FAEB4817AF4A",
				"991243F3-2A9B-4EC3-AACB-98A6E90F0E0E",
				"5898A258-54FF-44F4-A763-FAD338EC53C7",
				"44775D63-C5C3-4398-B027-3A58C29F31D5",
				"6823C129-E1C1-4B17-90C2-5E551C8E1175",
				"3B5A7857-2504-4EED-93D3-7597BB083D23"
			],
			"isa": "PBXGroup",
			"name": "shaders",
			"path": "shaders",
			"sourceTree": "<group>"
		},
		"229959CA-5AF8-461E-AF97-8B52EF3437F3": {
			"fileEncoding": "4",
			"isa": "PBXFileReference",
			"lastKnownFileType": "sourcecode.cpp.h",
			"name": "VorticityRenderer.h",
			"sourceTree": "<group>"
		},
		"290D2274-969E-47D3-9F6C-387E19C64ED9": {
			"fileEncoding": "4",
			"isa": "PBXFileReference",
			"lastKnownFileType": "sourcecode.cpp.h",
			"name": "FluidSimulation.h",
			"sourceTree": "<group>"
		},
		"2AEACC4B-FCE5-4C62-BAEC-4D70F7A5C9CE": {
			"fileEncoding": "4",
			"isa": "PBXFileReference",
			"lastKnownFileType": "sourcecode.cpp.h",
			"name": "ApplyVorticityForceShader.h",
			"sourceTree": "<group>"
		},
		"3211C796-FFEF-4C83-A987-2EAAE3A7D5D4": {
			"fileEncoding": "4",
			"isa": "PBXFileReference",
			"lastKnownFileType": "sourcecode.cpp.cpp",
			"name": "ofxInputField.cpp",
			"sourceTree": "<group>"
		},
		"389C8581-3DAF-4B64-8890-56B6A4B27F10": {
			"fileEncoding": "4",
			"isa": "PBXFileReference",
			"lastKnownFileType": "sourcecode.cpp.h",
			"name": "AddTextureShader.h",
			"sourceTree": "<group>"
		},
		"3B5A7857-2504-4EED-93D3-7597BB083D23": {
			"fileEncoding": "4",
			"isa": "PBXFileReference",
			"lastKnownFileType": "sourcecode.cpp.h",
			"name": "TranslateShader.h",
			"sourceTree": "<group>"
		},
		"3C32C866-69DD-4BA3-84BF-2B31D940F2F5": {
			"fileEncoding": "4",
			"isa": "PBXFileReference",
			"lastKnownFileType": "sourcecode.cpp.h",
			"name": "ofxToggle.h",
			"sourceTree": "<group>"
		},
		"425A7321-A509-442F-B69A-17D0FAEFF51B": {
			"fileEncoding": "4",
			"isa": "PBXFileReference",
			"lastKnownFileType": "sourcecode.cpp.cpp",
			"name": "ofxPanel.cpp",
			"sourceTree": "<group>"
		},
		"44775D63-C5C3-4398-B027-3A58C29F31D5": {
			"fileEncoding": "4",
			"isa": "PBXFileReference",
			"lastKnownFileType": "sourcecode.cpp.h",
			"name": "MultiplyColorShader.h",
			"sourceTree": "<group>"
		},
		"4731BCB1-2B67-4407-8025-CE15E7934A0F": {
			"fileEncoding": "4",
			"isa": "PBXFileReference",
			"lastKnownFileType": "sourcecode.cpp.h",
			"name": "ApplyBouyancyShader.h",
			"sourceTree": "<group>"
		},
		"50BEA749-B486-4C38-BC56-7DB7623D4107": {
			"fileEncoding": "4",
			"isa": "PBXFileReference",
			"lastKnownFileType": "sourcecode.cpp.h",
			"name": "ofxSlider.h",
			"sourceTree": "<group>"
		},
		"5639CB76-77E4-4618-94ED-9EEFC57CFF96": {
			"children": [
				"8CB6C151-A9AA-4A64-B110-CEC3EAF86B7A",
				"1D9CDB2B-8847-475B-825C-D163D6FFFBF4",
				"CE71623E-243A-44F1-B387-FE0DF750571C",
				"D1C9D2CA-85A7-4C13-A9E4-F98CDF54B172",
				"F58AC7A6-6C6F-432D-AC06-461966316DB5",
				"BCAB2A7D-74F7-4F8D-9E69-FCF02BF83BEB",
				"9A50B4B0-2264-4213-B8AD-CF165FE0BC76",
				"02507B51-DAC8-46F1-8C8C-9E2A8781ACF8",
				"F1060E34-3BA7-4ED2-ADF8-744E88C4F2C2",
				"0420D818-7099-44ED-808E-A9C20F0987DC",
				"3211C796-FFEF-4C83-A987-2EAAE3A7D5D4",
				"8C78D405-C136-4DD4-97E1-199FE8ECEBDB",
				"06DA7F27-F6E0-4655-B77A-B85336CD8A10",
				"87D5EEC2-CEAE-4188-BAE8-7839FA89A0EC",
				"425A7321-A509-442F-B69A-17D0FAEFF51B",
				"05099ACA-1A89-4DA2-84F4-98A3850F1E3B",
				"BE6EE9B0-B01D-4A8E-97D5-1374E15DF299",
				"50BEA749-B486-4C38-BC56-7DB7623D4107",
				"200C9208-B3D6-44A4-A737-64B6BFCBEEAC",
				"E00DAD63-2D24-46BE-8973-B54E08387BFE",
				"11D92C14-84B5-47E4-9126-4D10DADA0C8C",
				"3C32C866-69DD-4BA3-84BF-2B31D940F2F5"
			],
			"isa": "PBXGroup",
			"name": "src",
			"path": "src",
			"sourceTree": "<group>"
		},
		"5898A258-54FF-44F4-A763-FAD338EC53C7": {
			"fileEncoding": "4",
			"isa": "PBXFileReference",
			"lastKnownFileType": "sourcecode.cpp.h",
			"name": "MaskShader.h",
			"sourceTree": "<group>"
		},
		"5EC47DA7-1268-42E1-B538-137550FC7668": {
			"fileRef": "200C9208-B3D6-44A4-A737-64B6BFCBEEAC",
			"isa": "PBXBuildFile"
		},
		"6278AC5D-059A-4BD2-AAC0-E1E45ED61DD1": {
			"fileRef": "06DA7F27-F6E0-4655-B77A-B85336CD8A10",
			"isa": "PBXBuildFile"
		},
		"65B58EEE-2394-43AE-80FE-62B878DC76FF": {
			"fileEncoding": "4",
			"isa": "PBXFileReference",
			"lastKnownFileType": "sourcecode.cpp.h",
			"name": "PingPongFbo.h",
			"sourceTree": "<group>"
		},
		"6823C129-E1C1-4B17-90C2-5E551C8E1175": {
			"fileEncoding": "4",
			"isa": "PBXFileReference",
			"lastKnownFileType": "sourcecode.cpp.h",
			"name": "OpticalFlowShader.h",
			"sourceTree": "<group>"
		},
		"7793613E-C239-441E-A69C-8E8028BC6A65": {
			"fileRef": "BE6EE9B0-B01D-4A8E-97D5-1374E15DF299",
			"isa": "PBXBuildFile"
		},
		"83D55EC0-5044-493C-BD09-704899D82D5B": {
			"fileEncoding": "4",
			"isa": "PBXFileReference",
			"lastKnownFileType": "sourcecode.cpp.h",
			"name": "PingPongRenderer.h",
			"sourceTree": "<group>"
		},
		"84D679DB-4FCE-48EB-ADAF-F15700772DCE": {
			"fileRef": "F58AC7A6-6C6F-432D-AC06-461966316DB5",
			"isa": "PBXBuildFile"
		},
		"87D5EEC2-CEAE-4188-BAE8-7839FA89A0EC": {
			"fileEncoding": "4",
			"isa": "PBXFileReference",
			"lastKnownFileType": "sourcecode.cpp.h",
			"name": "ofxLabel.h",
			"sourceTree": "<group>"
		},
		"88FCD25A-DCF1-4934-8F0E-DF4FB8A2EE21": {
			"fileEncoding": "4",
			"isa": "PBXFileReference",
			"lastKnownFileType": "sourcecode.cpp.h",
			"name": "SubtractDivergenceShader.h",
			"sourceTree": "<group>"
		},
		"8C6C81E4-5803-400F-81ED-7B0EF7B92820": {
			"children": [
				"65B58EEE-2394-43AE-80FE-62B878DC76FF",
				"83D55EC0-5044-493C-BD09-704899D82D5B",
				"C9E84BB0-9C19-4694-87F3-7A2F30CA0C5D",
				"E75071D8-D2D5-4E59-868C-4B2F9B043358",
				"A09A25B1-9238-4976-A69B-D6474E669CD6",
				"22450BE0-D0B2-47B7-9DF0-AD416944542F"
			],
			"isa": "PBXGroup",
			"name": "src",
			"path": "src",
			"sourceTree": "<group>"
		},
		"8C78D405-C136-4DD4-97E1-199FE8ECEBDB": {
			"fileEncoding": "4",
			"isa": "PBXFileReference",
			"lastKnownFileType": "sourcecode.cpp.h",
			"name": "ofxInputField.h",
			"sourceTree": "<group>"
		},
		"8CB6C151-A9AA-4A64-B110-CEC3EAF86B7A": {
			"fileEncoding": "4",
			"isa": "PBXFileReference",
			"lastKnownFileType": "sourcecode.cpp.cpp",
			"name": "ofxBaseGui.cpp",
			"sourceTree": "<group>"
		},
		"90E88A2B-A857-4F26-A184-66BCFD1A3F6D": {
			"fileEncoding": "4",
			"isa": "PBXFileReference",
			"lastKnownFileType": "sourcecode.cpp.h",
			"name": "DivergenceRenderer.h",
			"sourceTree": "<group>"
		},
		"991243F3-2A9B-4EC3-AACB-98A6E90F0E0E": {
			"fileEncoding": "4",
			"isa": "PBXFileReference",
			"lastKnownFileType": "sourcecode.cpp.h",
			"name": "LogisticFnShader.h",
			"sourceTree": "<group>"
		},
		"9A50B4B0-2264-4213-B8AD-CF165FE0BC76": {
			"fileEncoding": "4",
			"isa": "PBXFileReference",
			"lastKnownFileType": "sourcecode.cpp.h",
			"name": "ofxGui.h",
			"sourceTree": "<group>"
		},
		"A09A25B1-9238-4976-A69B-D6474E669CD6": {
			"children": [
				"B7AB0C2D-7071-4741-9A86-15368F79F51F",
				"0C745E5D-7B15-427F-B1FC-F4B9247E49D4",
				"B8462548-76A4-4123-BDFB-FA132BFC3CBE",
				"4731BCB1-2B67-4407-8025-CE15E7934A0F",
				"2AEACC4B-FCE5-4C62-BAEC-4D70F7A5C9CE",
				"90E88A2B-A857-4F26-A184-66BCFD1A3F6D",
				"290D2274-969E-47D3-9F6C-387E19C64ED9",
				"FF39DA31-7627-4A45-8A49-C3DC1AE177C5",
				"88FCD25A-DCF1-4934-8F0E-DF4FB8A2EE21",
				"229959CA-5AF8-461E-AF97-8B52EF3437F3"
			],
			"isa": "PBXGroup",
			"name": "fluid",
			"path": "fluid",
			"sourceTree": "<group>"
		},
		"A2E51363-5500-4E13-9F3B-5849AE3234CF": {
			"fileRef": "8CB6C151-A9AA-4A64-B110-CEC3EAF86B7A",
			"isa": "PBXBuildFile"
		},
		"AD19EF7F-48FE-408A-ABAC-1537F215C87F": {
			"fileRef": "3211C796-FFEF-4C83-A987-2EAAE3A7D5D4",
			"isa": "PBXBuildFile"
		},
		"AF24CB76-1438-4769-8666-CD9ABCF8C797": {
			"fileRef": "425A7321-A509-442F-B69A-17D0FAEFF51B",
			"isa": "PBXBuildFile"
		},
		"B5182A58-92BF-4FD1-9834-DE79DBD2ADD0": {
			"children": [
				"5639CB76-77E4-4618-94ED-9EEFC57CFF96"
			],
			"isa": "PBXGroup",
			"name": "ofxGui",
			"path": "ofxGui",
			"sourceTree": "<group>"
		},
		"B7AB0C2D-7071-4741-9A86-15368F79F51F": {
			"fileEncoding": "4",
			"isa": "PBXFileReference",
			"lastKnownFileType": "sourcecode.cpp.h",
			"name": "AddImpulseSpotShader.h",
			"sourceTree": "<group>"
		},
		"B8462548-76A4-4123-BDFB-FA132BFC3CBE": {
			"fileEncoding": "4",
			"isa": "PBXFileReference",
			"lastKnownFileType": "sourcecode.cpp.h",
			"name": "AdvectShader.h",
			"sourceTree": "<group>"
		},
		"BB4B014C10F69532006C3DED": {
			"children": [
				"B5182A58-92BF-4FD1-9834-DE79DBD2ADD0",
				"1514C116-60F7-4B94-9BFD-7A8067C5B038"
			],
			"isa": "PBXGroup",
			"name": "addons",
			"path": "../../../addons",
			"sourceTree": "SOURCE_ROOT"
		},
		"BCAB2A7D-74F7-4F8D-9E69-FCF02BF83BEB": {
			"fileEncoding": "4",
			"isa": "PBXFileReference",
			"lastKnownFileType": "sourcecode.cpp.h",
			"name": "ofxColorPicker.h",
			"sourceTree": "<group>"
		},
		"BE6EE9B0-B01D-4A8E-97D5-1374E15DF299": {
			"fileEncoding": "4",
			"isa": "PBXFileReference",
			"lastKnownFileType": "sourcecode.cpp.cpp",
			"name": "ofxSlider.cpp",
			"sourceTree": "<group>"
		},
		"C9E84BB0-9C19-4694-87F3-7A2F30CA0C5D": {
			"fileEncoding": "4",
			"isa": "PBXFileReference",
			"lastKnownFileType": "sourcecode.cpp.h",
			"name": "Renderer.h",
			"sourceTree": "<group>"
		},
		"CE71623E-243A-44F1-B387-FE0DF750571C": {
			"fileEncoding": "4",
			"isa": "PBXFileReference",
			"lastKnownFileType": "sourcecode.cpp.cpp",
			"name": "ofxButton.cpp",
			"sourceTree": "<group>"
		},
		"D1C9D2CA-85A7-4C13-A9E4-F98CDF54B172": {
			"fileEncoding": "4",
			"isa": "PBXFileReference",
			"lastKnownFileType": "sourcecode.cpp.h",
			"name": "ofxButton.h",
			"sourceTree": "<group>"
		},
		"DA03448C-8233-469E-A96F-FAEB4817AF4A": {
			"fileEncoding": "4",
			"isa": "PBXFileReference",
			"lastKnownFileType": "sourcecode.cpp.h",
			"name": "GaussianYBlurShader.h",
			"sourceTree": "<group>"
		},
		"DE9A56D3-BDAD-46E3-9ADA-E384EEF5497B": {
			"fileEncoding": "4",
			"isa": "PBXFileReference",
			"lastKnownFileType": "sourcecode.cpp.h",
			"name": "GaussianXBlurShader.h",
			"sourceTree": "<group>"
		},
		"E00DAD63-2D24-46BE-8973-B54E08387BFE": {
			"fileEncoding": "4",
			"isa": "PBXFileReference",
			"lastKnownFileType": "sourcecode.cpp.h",
			"name": "ofxSliderGroup.h",
			"sourceTree": "<group>"
		},
		"E42962A92163ECCD00A6A9E2": {
			"alwaysOutOfDate": "1",
			"buildActionMask": "2147483647",
			"files": [],
			"inputPaths": [],
			"isa": "PBXShellScriptBuildPhase",
			"name": "Run Script — Compile OF",
			"outputPaths": [],
			"runOnlyForDeploymentPostprocessing": "0",
			"shellPath": "/bin/sh",
			"shellScript": "$OF_CORE_BUILD_COMMAND\n",
			"showEnvVarsInLog": "0"
		},
		"E4A5B60F29BAAAE400C2D356": {
			"buildActionMask": "2147483647",
			"dstPath": "",
			"dstSubfolderSpec": "6",
			"files": [],
			"isa": "PBXCopyFilesBuildPhase",
			"runOnlyForDeploymentPostprocessing": "0"
		},
		"E4B69B4A0A3A1720003C02F2": {
			"children": [
				"191CD6FA2847E21E0085CBB6",
				"E4B6FCAD0C3E899E008CF71C",
				"E4EB6923138AFD0F00A09F29",
				"E4B69E1C0A3A1BDC003C02F2",
				"191EF70929D778A400F35F26",
				"BB4B014C10F69532006C3DED",
				"E4B69B5B0A3A1756003C02F2",
				"132ADF45-0767-4BBB-B888-9EBFEF064AA3"
			],
			"isa": "PBXGroup",
			"sourceTree": "<group>"
		},
		"E4B69B4C0A3A1720003C02F2": {
			"attributes": {
				"BuildIndependentTargetsInParallel": "YES",
				"LastUpgradeCheck": "1540"
			},
			"buildConfigurationList": "E4B69B4D0A3A1720003C02F2",
			"compatibilityVersion": "Xcode 3.2",
			"developmentRegion": "en",
			"hasScannedForEncodings": "0",
			"isa": "PBXProject",
			"knownRegions": [
				"en",
				"Base"
			],
			"mainGroup": "E4B69B4A0A3A1720003C02F2",
			"productRefGroup": "E4B69B4A0A3A1720003C02F2",
			"projectDirPath": "",
			"projectRoot": "",
			"targets": [
				"E4B69B5A0A3A1756003C02F2"
			]
		},
		"E4B69B4D0A3A1720003C02F2": {
			"buildConfigurations": [
				"E4B69B4E0A3A1720003C02F2",
				"E4B69B4F0A3A1720003C02F2"
			],
			"defaultConfigurationIsVisible": "0",
			"defaultConfigurationName": "Release",
			"isa": "XCConfigurationList"
		},
		"E4B69B4E0A3A1720003C02F2": {
			"baseConfigurationReference": "E4EB6923138AFD0F00A09F29",
			"buildSettings": {
				"CODE_SIGN_ENTITLEMENTS": "of.entitlements",
				"COPY_PHASE_STRIP": "NO",
				"ENABLE_TESTABILITY": "YES",
				"GCC_OPTIMIZATION_LEVEL": "0",
				"GCC_WARN_UNUSED_VARIABLE": "NO",
				"HEADER_SEARCH_PATHS": [
					"$(OF_CORE_HEADERS)",
					"src"
				],
				"OTHER_CPLUSPLUSFLAGS": "-D__MACOSX_CORE__"
			},
			"isa": "XCBuildConfiguration",
			"name": "Debug"
		},
		"E4B69B4F0A3A1720003C02F2": {
			"baseConfigurationReference": "E4EB6923138AFD0F00A09F29",
			"buildSettings": {
				"CODE_SIGN_ENTITLEMENTS": "of.entitlements",
				"COPY_PHASE_STRIP": "YES",
				"GCC_OPTIMIZATION_LEVEL": "3",
				"GCC_UNROLL_LOOPS": "YES",
				"HEADER_SEARCH_PATHS": [
					"$(OF_CORE_HEADERS)",
					"src"
				],
				"OTHER_CPLUSPLUSFLAGS": "-D__MACOSX_CORE__"
			},
			"isa": "XCBuildConfiguration",
			"name": "Release"
		},
		"E4B69B580A3A1756003C02F2": {
			"buildActionMask": "2147483647",
			"files": [
				"E4B69E200A3A1BDC003C02F2",
				"E4B69E210A3A1BDC003C02F2",
				"A2E51363-5500-4E13-9F3B-5849AE3234CF",
				"16D7E742-A2FB-42BC-BD07-52865F994470",
				"84D679DB-4FCE-48EB-ADAF-F15700772DCE",
				"E963E434-B1AA-4BB1-812A-7F09021A6FC3",
				"AD19EF7F-48FE-408A-ABAC-1537F215C87F",
				"6278AC5D-059A-4BD2-AAC0-E1E45ED61DD1",
				"AF24CB76-1438-4769-8666-CD9ABCF8C797",
				"7793613E-C239-441E-A69C-8E8028BC6A65",
				"5EC47DA7-1268-42E1-B538-137550FC7668",
				"186F230D-9989-4869-A7F2-8BC452BA01AB"
			],
			"isa": "PBXSourcesBuildPhase",
			"runOnlyForDeploymentPostprocessing": "0"
		},
		"E4B69B590A3A1756003C02F2": {
			"buildActionMask": "2147483647",
			"files": [],
			"isa": "PBXFrameworksBuildPhase",
			"runOnlyForDeploymentPostprocessing": "0"
		},
		"E4B69B5A0A3A1756003C02F2": {
			"buildConfigurationList": "E4B69B5F0A3A1757003C02F2",
			"buildPhases": [
				"E42962A92163ECCD00A6A9E2",
				"E4B69B580A3A1756003C02F2",
				"E4B69B590A3A1756003C02F2",
				"E4C2427710CC5ABF004149E2",
				"E4A5B60F29BAAAE400C2D356",
				"19B789C429E5AB4A0082E9B8"
			],
			"buildRules": [],
			"dependencies": [],
			"isa": "PBXNativeTarget",
			"name": "example_fluid",
			"productName": "myOFApp",
			"productReference": "E4B69B5B0A3A1756003C02F2",
			"productType": "com.apple.product-type.application"
		},
		"E4B69B5B0A3A1756003C02F2": {
			"explicitFileType": "wrapper.application",
			"includeInIndex": "0",
			"isa": "PBXFileReference",
			"path": "example_fluidDebug.app",
			"sourceTree": "BUILT_PRODUCTS_DIR"
		},
		"E4B69B5F0A3A1757003C02F2": {
			"buildConfigurations": [
				"E4B69B600A3A1757003C02F2",
				"E4B69B610A3A1757003C02F2"
			],
			"defaultConfigurationIsVisible": "0",
			"defaultConfigurationName": "Release",
			"isa": "XCConfigurationList"
		},
		"E4B69B600A3A1757003C02F2": {
			"baseConfigurationReference": "E4EB6923138AFD0F00A09F29",
			"buildSettings": {
				"ARCHS": "$(ARCHS_STANDARD)",
				"COPY_PHASE_STRIP": "NO",
				"FRAMEWORK_SEARCH_PATHS": "$(inherited)",
				"GCC_DYNAMIC_NO_PIC": "NO",
				"HEADER_SEARCH_PATHS": [
					"$(OF_CORE_HEADERS)",
					"src",
					"src",
					"../../ofxGui/src",
					"../src",
					"../src/fluid",
					"../src/shaders"
				],
				"LIBRARY_SEARCH_PATHS": "$(inherited)",
				"OTHER_LDFLAGS": [
					"$(OF_CORE_LIBS)",
					"$(OF_CORE_FRAMEWORKS)",
					"$(LIB_OF_DEBUG)"
				]
			},
			"isa": "XCBuildConfiguration",
			"name": "Debug"
		},
		"E4B69B610A3A1757003C02F2": {
			"baseConfigurationReference": "E4EB6923138AFD0F00A09F29",
			"buildSettings": {
				"ARCHS": "$(ARCHS_STANDARD)",
				"COPY_PHASE_STRIP": "YES",
				"FRAMEWORK_SEARCH_PATHS": "$(inherited)",
				"HEADER_SEARCH_PATHS": [
					"$(OF_CORE_HEADERS)",
					"src",
					"src",
					"../../ofxGui/src",
					"../src",
					"../src/fluid",
					"../src/shaders"
				],
				"LIBRARY_SEARCH_PATHS": "$(inherited)",
				"OTHER_LDFLAGS": [
					"$(OF_CORE_LIBS)",
					"$(OF_CORE_FRAMEWORKS)",
					"$(LIB_OF_RELEASE)"
				],
				"baseConfigurationReference": "E4EB6923138AFD0F00A09F29"
			},
			"isa": "XCBuildConfiguration",
			"name": "Release"
		},
		"E4B69E1C0A3A1BDC003C02F2": {
			"children": [
				"E4B69E1D0A3A1BDC003C02F2",
				"E4B69E1E0A3A1BDC003C02F2",
				"E4B69E1F0A3A1BDC003C02F2"
			],
			"isa": "PBXGroup",
			"path": "src",
			"sourceTree": "SOURCE_ROOT"
		},
		"E4B69E1D0A3A1BDC003C02F2": {
			"fileEncoding": "4",
			"isa": "PBXFileReference",
			"lastKnownFileType": "sourcecode.cpp.cpp",
			"name": "main.cpp",
			"path": "src/main.cpp",
			"sourceTree": "SOURCE_ROOT"
		},
		"E4B69E1E0A3A1BDC003C02F2": {
			"explicitFileType": "sourcecode.cpp.cpp",
			"fileEncoding": "4",
			"isa": "PBXFileReference",
			"name": "ofApp.cpp",
			"path": "src/ofApp.cpp",
			"sourceTree": "SOURCE_ROOT"
		},
		"E4B69E1F0A3A1BDC003C02F2": {
			"fileEncoding": "4",
			"isa": "PBXFileReference",
			"lastKnownFileType": "sourcecode.c.h",
			"name": "ofApp.h",
			"path": "src/ofApp.h",
			"sourceTree": "SOURCE_ROOT"
		},
		"E4B69E200A3A1BDC003C02F2": {
			"fileRef": "E4B69E1D0A3A1BDC003C02F2",
			"isa": "PBXBuildFile"
		},
		"E4B69E210A3A1BDC003C02F2": {
			"fileRef": "E4B69E1E0A3A1BDC003C02F2",
			"isa": "PBXBuildFile"
		},
		"E4B6FCAD0C3E899E008CF71C": {
			"fileEncoding": "4",
			"isa": "PBXFileReference",
			"lastKnownFileType": "text.plist.xml",
			"path": "openFrameworks-Info.plist",
			"sourceTree": "<group>"
		},
		"E4C2427710CC5ABF004149E2": {
			"buildActionMask": "2147483647",
			"dstPath": "",
			"dstSubfolderSpec": "10",
			"files": [],
			"isa": "PBXCopyFilesBuildPhase",
			"runOnlyForDeploymentPostprocessing": "0"
		},
		"E4EB6923138AFD0F00A09F29": {
			"fileEncoding": "4",
			"isa": "PBXFileReference",
			"lastKnownFileType": "text.xcconfig",
			"path": "Project.xcconfig",
			"sourceTree": "<group>"
		},
		"E75071D8-D2D5-4E59-868C-4B2F9B043358": {
			"fileEncoding": "4",
			"isa": "PBXFileReference",
			"lastKnownFileType": "sourcecode.cpp.h",
			"name": "Shader.h",
			"sourceTree": "<group>"
		},
		"E963E434-B1AA-4BB1-812A-7F09021A6FC3": {
			"fileRef": "02507B51-DAC8-46F1-8C8C-9E2A8781ACF8",
			"isa": "PBXBuildFile"
		},
		"F1060E34-3BA7-4ED2-ADF8-744E88C4F2C2": {
			"fileEncoding": "4",
			"isa": "PBXFileReference",
			"lastKnownFileType": "sourcecode.cpp.h",
			"name": "ofxGuiGroup.h",
			"sourceTree": "<group>"
		},
		"F58AC7A6-6C6F-432D-AC06-461966316DB5": {
			"fileEncoding": "4",
			"isa": "PBXFileReference",
			"lastKnownFileType": "sourcecode.cpp.cpp",
			"name": "ofxColorPicker.cpp",
			"sourceTree": "<group>"
		},
		"FF39DA31-7627-4A45-8A49-C3DC1AE177C5": {
			"fileEncoding": "4",
			"isa": "PBXFileReference",
			"lastKnownFileType": "sourcecode.cpp.h",
			"name": "JacobiShader.h",
			"sourceTree": "<group>"
		}
	},
	"rootObject": "E4B69B4C0A3A1720003C02F2"
}